
Microsoft Visual Studio Solution File, Format Version 12.00
# Visual Studio Version 17
VisualStudioVersion = 17.10.34928.147
MinimumVisualStudioVersion = 10.0.40219.1
Project("{FAE04EC0-301F-11D3-BF4B-00C04F79EFBC}") = "Smartloop Feedback", "Smartloop Feedback\Smartloop Feedback.csproj", "{3EF74EDF-B568-4DBB-9C3A-ACCA7CB6F10A}"
EndProject
Global
	GlobalSection(SolutionConfigurationPlatforms) = preSolution
		Debug|Any CPU = Debug|Any CPU
		Release|Any CPU = Release|Any CPU
	EndGlobalSection
	GlobalSection(ProjectConfigurationPlatforms) = postSolution
		{3EF74EDF-B568-4DBB-9C3A-ACCA7CB6F10A}.Debug|Any CPU.ActiveCfg = Debug|Any CPU
		{3EF74EDF-B568-4DBB-9C3A-ACCA7CB6F10A}.Debug|Any CPU.Build.0 = Debug|Any CPU
		{3EF74EDF-B568-4DBB-9C3A-ACCA7CB6F10A}.Release|Any CPU.ActiveCfg = Release|Any CPU
		{3EF74EDF-B568-4DBB-9C3A-ACCA7CB6F10A}.Release|Any CPU.Build.0 = Release|Any CPU
	EndGlobalSection
	GlobalSection(SolutionProperties) = preSolution
		HideSolutionNode = FALSE
	EndGlobalSection
	GlobalSection(ExtensibilityGlobals) = postSolution
		SolutionGuid = {6AE1691C-5416-49C3-B1B7-2DC8369B037E}
	EndGlobalSection
EndGlobal
